
Microsoft Visual Studio Solution File, Format Version 12.00
# Visual Studio Version 16
VisualStudioVersion = 16.0.29209.62
MinimumVisualStudioVersion = 10.0.40219.1
Project("{FAE04EC0-301F-11D3-BF4B-00C04F79EFBC}") = "FakeXrmSetToNull", "FakeXrmSetToNull\FakeXrmSetToNull.csproj", "{42F23093-2AC5-4235-BC92-C49250DA031B}"
EndProject
Project("{FAE04EC0-301F-11D3-BF4B-00C04F79EFBC}") = "FakeXrmSetToNullTests", "FakeXrmSetToNullTests\FakeXrmSetToNullTests.csproj", "{0A6FCA8E-482F-450F-8E51-EF7DABF95F13}"
EndProject
Global
	GlobalSection(SolutionConfigurationPlatforms) = preSolution
		Debug|Any CPU = Debug|Any CPU
		Release|Any CPU = Release|Any CPU
	EndGlobalSection
	GlobalSection(ProjectConfigurationPlatforms) = postSolution
		{42F23093-2AC5-4235-BC92-C49250DA031B}.Debug|Any CPU.ActiveCfg = Debug|Any CPU
		{42F23093-2AC5-4235-BC92-C49250DA031B}.Debug|Any CPU.Build.0 = Debug|Any CPU
		{42F23093-2AC5-4235-BC92-C49250DA031B}.Release|Any CPU.ActiveCfg = Release|Any CPU
		{42F23093-2AC5-4235-BC92-C49250DA031B}.Release|Any CPU.Build.0 = Release|Any CPU
		{0A6FCA8E-482F-450F-8E51-EF7DABF95F13}.Debug|Any CPU.ActiveCfg = Debug|Any CPU
		{0A6FCA8E-482F-450F-8E51-EF7DABF95F13}.Debug|Any CPU.Build.0 = Debug|Any CPU
		{0A6FCA8E-482F-450F-8E51-EF7DABF95F13}.Release|Any CPU.ActiveCfg = Release|Any CPU
		{0A6FCA8E-482F-450F-8E51-EF7DABF95F13}.Release|Any CPU.Build.0 = Release|Any CPU
	EndGlobalSection
	GlobalSection(SolutionProperties) = preSolution
		HideSolutionNode = FALSE
	EndGlobalSection
	GlobalSection(ExtensibilityGlobals) = postSolution
		SolutionGuid = {98B3B5D8-3B29-47C0-BB8A-611D44D00785}
	EndGlobalSection
EndGlobal
